dependencies:
- name: grafana-operator
  repository: oci://ghcr.io/grafana-operator/helm-charts
  version: v5.4.2
- name: vault-secrets-operator
  repository: https://helm.releases.hashicorp.com
  version: 0.4.0
digest: sha256:86685ef0d2a09a718c18f5e46e27683012f97481b5844a7264949f7fe76c77e7
generated: "2023-11-28T16:39:30.802556-05:00"
